
Microsoft Visual Studio Solution File, Format Version 12.00
Project("{FAE04EC0-301F-11D3-BF4B-00C04F79EFBC}") = "calculate-and-dissect-n", "calculate-and-dissect-n.csproj", "{8E3EA680-4CC2-43A7-978C-7AE49206491F}"
EndProject
Global
	GlobalSection(SolutionConfigurationPlatforms) = preSolution
		Debug|Any CPU = Debug|Any CPU
		Release|Any CPU = Release|Any CPU
	EndGlobalSection
	GlobalSection(ProjectConfigurationPlatforms) = postSolution
		{8E3EA680-4CC2-43A7-978C-7AE49206491F}.Debug|Any CPU.ActiveCfg = Debug|Any CPU
		{8E3EA680-4CC2-43A7-978C-7AE49206491F}.Debug|Any CPU.Build.0 = Debug|Any CPU
		{8E3EA680-4CC2-43A7-978C-7AE49206491F}.Release|Any CPU.ActiveCfg = Release|Any CPU
		{8E3EA680-4CC2-43A7-978C-7AE49206491F}.Release|Any CPU.Build.0 = Release|Any CPU
	EndGlobalSection
EndGlobal
